<?xml version="1.0" encoding="UTF-8"?>
<CONFIG>
  <ProjectOptions>
    <Version Value="12"/>
    <PathDelim Value="\"/>
    <General>
      <Flags>
        <CompatibilityMode Value="True"/>
      </Flags>
      <SessionStorage Value="InProjectDir"/>
      <Title Value="PGuarda"/>
      <Scaled Value="True"/>
      <ResourceType Value="res"/>
      <UseXPManifest Value="True"/>
      <XPManifest>
        <DpiAware Value="True"/>
      </XPManifest>
      <Icon Value="0"/>
    </General>
    <BuildModes Count="1">
      <Item1 Name="Default" Default="True"/>
    </BuildModes>
    <PublishOptions>
      <Version Value="2"/>
      <UseFileFilters Value="True"/>
    </PublishOptions>
    <RunParams>
      <FormatVersion Value="2"/>
    </RunParams>
    <RequiredPackages Count="5">
      <Item1>
        <PackageName Value="DateTimeCtrls"/>
      </Item1>
      <Item2>
        <PackageName Value="zcomponent"/>
      </Item2>
      <Item3>
        <PackageName Value="FCL"/>
      </Item3>
      <Item4>
        <PackageName Value="virtualtreeview_package"/>
      </Item4>
      <Item5>
        <PackageName Value="LCL"/>
      </Item5>
    </RequiredPackages>
    <Units Count="21">
      <Unit0>
        <Filename Value="PGuarda.lpr"/>
        <IsPartOfProject Value="True"/>
      </Unit0>
      <Unit1>
        <Filename Value="uentrarusuario.pas"/>
        <IsPartOfProject Value="True"/>
        <ComponentName Value="FrmEntrarUsuario"/>
        <HasResources Value="True"/>
        <ResourceBaseClass Value="Form"/>
        <UnitName Value="UEntrarUsuario"/>
      </Unit1>
      <Unit2>
        <Filename Value="umenu.pas"/>
        <IsPartOfProject Value="True"/>
        <ComponentName Value="FrmMenu"/>
        <HasResources Value="True"/>
        <ResourceBaseClass Value="Form"/>
      </Unit2>
      <Unit3>
        <Filename Value="ucadusuario.pas"/>
        <IsPartOfProject Value="True"/>
        <ComponentName Value="FrmCadUsuario"/>
        <HasResources Value="True"/>
        <ResourceBaseClass Value="Form"/>
        <UnitName Value="uCadUsuario"/>
      </Unit3>
      <Unit4>
        <Filename Value="ucadcontasbancarias.pas"/>
        <IsPartOfProject Value="True"/>
        <ComponentName Value="FrmCadContasBancarias"/>
        <HasResources Value="True"/>
        <ResourceBaseClass Value="Form"/>
        <UnitName Value="uCadContasBancarias"/>
      </Unit4>
      <Unit5>
        <Filename Value="ucadcentrocusto.pas"/>
        <IsPartOfProject Value="True"/>
        <ComponentName Value="FrmCadCentroCusto"/>
        <HasResources Value="True"/>
        <ResourceBaseClass Value="Form"/>
        <UnitName Value="uCadCentroCusto"/>
      </Unit5>
      <Unit6>
        <Filename Value="ucadfornecedores.pas"/>
        <IsPartOfProject Value="True"/>
        <ComponentName Value="FrmCadFornecedor"/>
        <HasResources Value="True"/>
        <ResourceBaseClass Value="Form"/>
        <UnitName Value="uCadFornecedores"/>
      </Unit6>
      <Unit7>
        <Filename Value="ucadlancamento.pas"/>
        <IsPartOfProject Value="True"/>
        <ComponentName Value="FrmCadLancamento"/>
        <HasResources Value="True"/>
        <ResourceBaseClass Value="Form"/>
        <UnitName Value="uCadLancamento"/>
      </Unit7>
      <Unit8>
        <Filename Value="uconsfornecedores.pas"/>
        <IsPartOfProject Value="True"/>
        <ComponentName Value="FrmConsFornecedores"/>
        <HasResources Value="True"/>
        <ResourceBaseClass Value="Form"/>
        <UnitName Value="UConsFornecedores"/>
      </Unit8>
      <Unit9>
        <Filename Value="uconsbaixa.pas"/>
        <IsPartOfProject Value="True"/>
        <ComponentName Value="FrmConsBaixa"/>
        <HasResources Value="True"/>
        <ResourceBaseClass Value="Form"/>
        <UnitName Value="UConsBaixa"/>
      </Unit9>
      <Unit10>
        <Filename Value="uconscontas.pas"/>
        <IsPartOfProject Value="True"/>
        <ComponentName Value="FrmConsContas"/>
        <HasResources Value="True"/>
        <ResourceBaseClass Value="Form"/>
        <UnitName Value="UConsContas"/>
      </Unit10>
      <Unit11>
        <Filename Value="umodulo.pas"/>
        <IsPartOfProject Value="True"/>
        <ComponentName Value="DM"/>
        <HasResources Value="True"/>
        <ResourceBaseClass Value="DataModule"/>
        <UnitName Value="UModulo"/>
      </Unit11>
      <Unit12>
        <Filename Value="ubuscaconta.pas"/>
        <IsPartOfProject Value="True"/>
        <ComponentName Value="FrmBuscaConta"/>
        <HasResources Value="True"/>
        <ResourceBaseClass Value="Form"/>
        <UnitName Value="UBuscaConta"/>
      </Unit12>
      <Unit13>
        <Filename Value="utranfcontas.pas"/>
        <IsPartOfProject Value="True"/>
        <ComponentName Value="FrmTranfContas"/>
        <HasResources Value="True"/>
        <ResourceBaseClass Value="Form"/>
        <UnitName Value="UTranfContas"/>
      </Unit13>
      <Unit14>
        <Filename Value="uconsusuario.pas"/>
        <IsPartOfProject Value="True"/>
        <ComponentName Value="FrmConsUsuario"/>
        <HasResources Value="True"/>
        <ResourceBaseClass Value="Form"/>
        <UnitName Value="UConsUsuario"/>
      </Unit14>
      <Unit15>
        <Filename Value="uconscentro.pas"/>
        <IsPartOfProject Value="True"/>
        <ComponentName Value="FrmConsCentro"/>
        <HasResources Value="True"/>
        <ResourceBaseClass Value="Form"/>
        <UnitName Value="uConsCentro"/>
      </Unit15>
      <Unit16>
        <Filename Value="ubuscadoc.pas"/>
        <IsPartOfProject Value="True"/>
        <ComponentName Value="FrmBuscaDoc"/>
        <HasResources Value="True"/>
        <ResourceBaseClass Value="Form"/>
        <UnitName Value="UBuscaDoc"/>
      </Unit16>
      <Unit17>
        <Filename Value="ucadpagamento.pas"/>
        <IsPartOfProject Value="True"/>
        <ComponentName Value="FrmCadParcela"/>
        <HasResources Value="True"/>
        <ResourceBaseClass Value="Form"/>
        <UnitName Value="UCadPagamento"/>
      </Unit17>
      <Unit18>
        <Filename Value="ferramentas.pas"/>
        <IsPartOfProject Value="True"/>
        <UnitName Value="Ferramentas"/>
      </Unit18>
      <Unit19>
        <Filename Value="uconsparcelas.pas"/>
        <IsPartOfProject Value="True"/>
        <ComponentName Value="FrmConsParcelas"/>
        <HasResources Value="True"/>
        <ResourceBaseClass Value="Form"/>
        <UnitName Value="UConsParcelas"/>
      </Unit19>
      <Unit20>
        <Filename Value="ubaixaparcela.pas"/>
        <IsPartOfProject Value="True"/>
        <ComponentName Value="FRMBaixaParcela"/>
        <HasResources Value="True"/>
        <ResourceBaseClass Value="Form"/>
        <UnitName Value="UbaixaParcela"/>
      </Unit20>
    </Units>
  </ProjectOptions>
  <CompilerOptions>
    <Version Value="11"/>
    <PathDelim Value="\"/>
    <Target>
      <Filename Value="PGuarda"/>
    </Target>
    <SearchPaths>
      <IncludeFiles Value="$(ProjOutDir)"/>
      <UnitOutputDirectory Value="lib\$(TargetCPU)-$(TargetOS)"/>
    </SearchPaths>
    <Linking>
      <Debugging>
        <DebugInfoType Value="dsDwarf2Set"/>
      </Debugging>
      <Options>
        <Win32>
          <GraphicApplication Value="True"/>
        </Win32>
      </Options>
    </Linking>
  </CompilerOptions>
  <Debugging>
    <Exceptions Count="4">
      <Item1>
        <Name Value="EAbort"/>
      </Item1>
      <Item2>
        <Name Value="ECodetoolError"/>
      </Item2>
      <Item3>
        <Name Value="EFOpenError"/>
      </Item3>
      <Item4>
        <Name Value="EConvertError"/>
      </Item4>
    </Exceptions>
  </Debugging>
</CONFIG>
